{
  "version": 4,
  "terraform_version": "1.5.5",
  "serial": 40,
  "lineage": "86785c5a-0dbf-f977-31df-b631a98f5fc9",
  "outputs": {},
  "resources": [
    {
      "mode": "managed",
      "type": "databricks_job",
      "name": "batch_inference_job",
      "provider": "provider[\"registry.terraform.io/databricks/databricks\"]",
      "instances": [
        {
          "schema_version": 2,
          "attributes": {
            "always_running": false,
            "continuous": [],
            "control_run_state": false,
            "dbt_task": [],
            "deployment": [
              {
                "kind": "BUNDLE",
                "metadata_file_path": "/Users/sourav.banerjee@databricks.com/.bundle/my_mlops_stack/dev/state/metadata.json"
              }
            ],
            "description": null,
            "edit_mode": "UI_LOCKED",
            "email_notifications": [
              {
                "no_alert_for_skipped_runs": false,
                "on_duration_warning_threshold_exceeded": [],
                "on_failure": [],
                "on_start": [],
                "on_streaming_backlog_exceeded": [],
                "on_success": []
              }
            ],
            "environment": [],
            "existing_cluster_id": null,
            "format": "MULTI_TASK",
            "git_source": [],
            "health": [],
            "id": "745501414978651",
            "job_cluster": [],
            "library": [],
            "max_concurrent_runs": 1,
            "max_retries": 0,
            "min_retry_interval_millis": 0,
            "name": "dev-my_mlops_stack-batch-inference-job",
            "new_cluster": [],
            "notebook_task": [],
            "notification_settings": [],
            "parameter": [],
            "pipeline_task": [],
            "python_wheel_task": [],
            "queue": [
              {
                "enabled": true
              }
            ],
            "retry_on_timeout": false,
            "run_as": [
              {
                "service_principal_name": "",
                "user_name": "sourav.banerjee@databricks.com"
              }
            ],
            "run_job_task": [],
            "schedule": [
              {
                "pause_status": "UNPAUSED",
                "quartz_cron_expression": "0 0 11 * * ?",
                "timezone_id": "UTC"
              }
            ],
            "spark_jar_task": [],
            "spark_python_task": [],
            "spark_submit_task": [],
            "tags": null,
            "task": [
              {
                "condition_task": [],
                "dbt_task": [],
                "depends_on": [],
                "description": "",
                "disable_auto_optimization": false,
                "email_notifications": [
                  {
                    "no_alert_for_skipped_runs": false,
                    "on_duration_warning_threshold_exceeded": [],
                    "on_failure": [],
                    "on_start": [],
                    "on_streaming_backlog_exceeded": [],
                    "on_success": []
                  }
                ],
                "environment_key": "",
                "existing_cluster_id": "",
                "for_each_task": [],
                "health": [],
                "job_cluster_key": "",
                "library": [],
                "max_retries": 0,
                "min_retry_interval_millis": 0,
                "new_cluster": [
                  {
                    "apply_policy_default_values": false,
                    "autoscale": [],
                    "aws_attributes": [],
                    "azure_attributes": [
                      {
                        "availability": "ON_DEMAND_AZURE",
                        "first_on_demand": 0,
                        "log_analytics_info": [],
                        "spot_bid_max_price": 0
                      }
                    ],
                    "cluster_id": "",
                    "cluster_log_conf": [],
                    "cluster_mount_info": [],
                    "cluster_name": "",
                    "custom_tags": {
                      "clusterSource": "mlops-stacks_0.4"
                    },
                    "data_security_mode": "SINGLE_USER",
                    "docker_image": [],
                    "driver_instance_pool_id": "",
                    "driver_node_type_id": "",
                    "enable_elastic_disk": true,
                    "enable_local_disk_encryption": false,
                    "gcp_attributes": [],
                    "idempotency_token": "",
                    "init_scripts": [],
                    "instance_pool_id": "",
                    "library": [],
                    "node_type_id": "Standard_D3_v2",
                    "num_workers": 3,
                    "policy_id": "",
                    "runtime_engine": "",
                    "single_user_name": "",
                    "spark_conf": {},
                    "spark_env_vars": {},
                    "spark_version": "15.3.x-cpu-ml-scala2.12",
                    "ssh_public_keys": [],
                    "workload_type": []
                  }
                ],
                "notebook_task": [
                  {
                    "base_parameters": {
                      "env": "dev",
                      "git_source_info": "url:https://github.com/Sourav692/MLOps_Stack-Demystified; branch:; commit:2cab9bf7f65c2684cad42d05fd093b4233713669",
                      "input_table_name": "hive_metastore.default.taxi_scoring_sample_feature_store_inference_input",
                      "model_name": "dev-my_mlops_stack-model",
                      "output_table_name": "dev_my_mlops_stack_predictions"
                    },
                    "notebook_path": "/Users/sourav.banerjee@databricks.com/.bundle/my_mlops_stack/dev/files/deployment/batch_inference/notebooks/BatchInference",
                    "source": "WORKSPACE",
                    "warehouse_id": ""
                  }
                ],
                "notification_settings": [],
                "pipeline_task": [],
                "python_wheel_task": [],
                "retry_on_timeout": false,
                "run_if": "ALL_SUCCESS",
                "run_job_task": [],
                "spark_jar_task": [],
                "spark_python_task": [],
                "spark_submit_task": [],
                "sql_task": [],
                "task_key": "batch_inference_job",
                "timeout_seconds": 0,
                "webhook_notifications": []
              }
            ],
            "timeout_seconds": 0,
            "timeouts": null,
            "trigger": [],
            "url": "https://adb-2753962522174656.16.azuredatabricks.net/#job/745501414978651",
            "webhook_notifications": [
              {
                "on_duration_warning_threshold_exceeded": [],
                "on_failure": [],
                "on_start": [],
                "on_streaming_backlog_exceeded": [],
                "on_success": []
              }
            ]
          },
          "sensitive_attributes": [],
          "private": "eyJlMmJmYjczMC1lY2FhLTExZTYtOGY4OC0zNDM2M2JjN2M0YzAiOnsiY3JlYXRlIjoxODAwMDAwMDAwMDAwLCJ1cGRhdGUiOjE4MDAwMDAwMDAwMDB9LCJzY2hlbWFfdmVyc2lvbiI6IjIifQ=="
        }
      ]
    },
    {
      "mode": "managed",
      "type": "databricks_job",
      "name": "model_training_job",
      "provider": "provider[\"registry.terraform.io/databricks/databricks\"]",
      "instances": [
        {
          "schema_version": 2,
          "attributes": {
            "always_running": false,
            "continuous": [],
            "control_run_state": false,
            "dbt_task": [],
            "deployment": [
              {
                "kind": "BUNDLE",
                "metadata_file_path": "/Users/sourav.banerjee@databricks.com/.bundle/my_mlops_stack/dev/state/metadata.json"
              }
            ],
            "description": null,
            "edit_mode": "UI_LOCKED",
            "email_notifications": [
              {
                "no_alert_for_skipped_runs": false,
                "on_duration_warning_threshold_exceeded": [],
                "on_failure": [],
                "on_start": [],
                "on_streaming_backlog_exceeded": [],
                "on_success": []
              }
            ],
            "environment": [],
            "existing_cluster_id": null,
            "format": "MULTI_TASK",
            "git_source": [],
            "health": [],
            "id": "1054650118799531",
            "job_cluster": [
              {
                "job_cluster_key": "model_training_job_cluster",
                "new_cluster": [
                  {
                    "apply_policy_default_values": false,
                    "autoscale": [],
                    "aws_attributes": [],
                    "azure_attributes": [
                      {
                        "availability": "ON_DEMAND_AZURE",
                        "first_on_demand": 0,
                        "log_analytics_info": [],
                        "spot_bid_max_price": 0
                      }
                    ],
                    "cluster_id": "",
                    "cluster_log_conf": [],
                    "cluster_mount_info": [],
                    "cluster_name": "",
                    "custom_tags": {
                      "clusterSource": "mlops-stacks_0.4"
                    },
                    "data_security_mode": "SINGLE_USER",
                    "docker_image": [],
                    "driver_instance_pool_id": "",
                    "driver_node_type_id": "",
                    "enable_elastic_disk": true,
                    "enable_local_disk_encryption": false,
                    "gcp_attributes": [],
                    "idempotency_token": "",
                    "init_scripts": [],
                    "instance_pool_id": "",
                    "library": [],
                    "node_type_id": "Standard_D3_v2",
                    "num_workers": 3,
                    "policy_id": "",
                    "runtime_engine": "",
                    "single_user_name": "",
                    "spark_conf": {},
                    "spark_env_vars": {},
                    "spark_version": "15.3.x-cpu-ml-scala2.12",
                    "ssh_public_keys": [],
                    "workload_type": []
                  }
                ]
              }
            ],
            "library": [],
            "max_concurrent_runs": 1,
            "max_retries": 0,
            "min_retry_interval_millis": 0,
            "name": "dev-my_mlops_stack-model-training-job",
            "new_cluster": [],
            "notebook_task": [],
            "notification_settings": [],
            "parameter": [],
            "pipeline_task": [],
            "python_wheel_task": [],
            "queue": [
              {
                "enabled": true
              }
            ],
            "retry_on_timeout": false,
            "run_as": [
              {
                "service_principal_name": "",
                "user_name": "sourav.banerjee@databricks.com"
              }
            ],
            "run_job_task": [],
            "schedule": [],
            "spark_jar_task": [],
            "spark_python_task": [],
            "spark_submit_task": [],
            "tags": null,
            "task": [
              {
                "condition_task": [],
                "dbt_task": [],
                "depends_on": [
                  {
                    "outcome": "",
                    "task_key": "ModelValidation"
                  }
                ],
                "description": "",
                "disable_auto_optimization": false,
                "email_notifications": [
                  {
                    "no_alert_for_skipped_runs": false,
                    "on_duration_warning_threshold_exceeded": [],
                    "on_failure": [],
                    "on_start": [],
                    "on_streaming_backlog_exceeded": [],
                    "on_success": []
                  }
                ],
                "environment_key": "",
                "existing_cluster_id": "",
                "for_each_task": [],
                "health": [],
                "job_cluster_key": "model_training_job_cluster",
                "library": [],
                "max_retries": 0,
                "min_retry_interval_millis": 0,
                "new_cluster": [],
                "notebook_task": [
                  {
                    "base_parameters": {
                      "env": "dev",
                      "git_source_info": "url:https://github.com/Sourav692/MLOps_Stack-Demystified; branch:; commit:2cab9bf7f65c2684cad42d05fd093b4233713669"
                    },
                    "notebook_path": "/Users/sourav.banerjee@databricks.com/.bundle/my_mlops_stack/dev/files/deployment/model_deployment/notebooks/ModelDeployment",
                    "source": "WORKSPACE",
                    "warehouse_id": ""
                  }
                ],
                "notification_settings": [],
                "pipeline_task": [],
                "python_wheel_task": [],
                "retry_on_timeout": false,
                "run_if": "ALL_SUCCESS",
                "run_job_task": [],
                "spark_jar_task": [],
                "spark_python_task": [],
                "spark_submit_task": [],
                "sql_task": [],
                "task_key": "ModelDeployment",
                "timeout_seconds": 0,
                "webhook_notifications": []
              },
              {
                "condition_task": [],
                "dbt_task": [],
                "depends_on": [
                  {
                    "outcome": "",
                    "task_key": "ModelDeployment"
                  }
                ],
                "description": "",
                "disable_auto_optimization": false,
                "email_notifications": [
                  {
                    "no_alert_for_skipped_runs": false,
                    "on_duration_warning_threshold_exceeded": [],
                    "on_failure": [],
                    "on_start": [],
                    "on_streaming_backlog_exceeded": [],
                    "on_success": []
                  }
                ],
                "environment_key": "",
                "existing_cluster_id": "",
                "for_each_task": [],
                "health": [],
                "job_cluster_key": "model_training_job_cluster",
                "library": [],
                "max_retries": 0,
                "min_retry_interval_millis": 0,
                "new_cluster": [],
                "notebook_task": [
                  {
                    "base_parameters": {
                      "env": "dev",
                      "git_source_info": "url:https://github.com/Sourav692/MLOps_Stack-Demystified; branch:; commit:2cab9bf7f65c2684cad42d05fd093b4233713669"
                    },
                    "notebook_path": "/Users/sourav.banerjee@databricks.com/.bundle/my_mlops_stack/dev/files/deployment/model_serving/notebooks/ModelServing",
                    "source": "WORKSPACE",
                    "warehouse_id": ""
                  }
                ],
                "notification_settings": [],
                "pipeline_task": [],
                "python_wheel_task": [],
                "retry_on_timeout": false,
                "run_if": "ALL_SUCCESS",
                "run_job_task": [],
                "spark_jar_task": [],
                "spark_python_task": [],
                "spark_submit_task": [],
                "sql_task": [],
                "task_key": "ModelServing",
                "timeout_seconds": 0,
                "webhook_notifications": []
              },
              {
                "condition_task": [],
                "dbt_task": [],
                "depends_on": [
                  {
                    "outcome": "",
                    "task_key": "Train"
                  }
                ],
                "description": "",
                "disable_auto_optimization": false,
                "email_notifications": [
                  {
                    "no_alert_for_skipped_runs": false,
                    "on_duration_warning_threshold_exceeded": [],
                    "on_failure": [],
                    "on_start": [],
                    "on_streaming_backlog_exceeded": [],
                    "on_success": []
                  }
                ],
                "environment_key": "",
                "existing_cluster_id": "",
                "for_each_task": [],
                "health": [],
                "job_cluster_key": "model_training_job_cluster",
                "library": [],
                "max_retries": 0,
                "min_retry_interval_millis": 0,
                "new_cluster": [],
                "notebook_task": [
                  {
                    "base_parameters": {
                      "custom_metrics_loader_function": "custom_metrics",
                      "enable_baseline_comparison": "false",
                      "evaluator_config_loader_function": "evaluator_config",
                      "experiment_name": "/Users/sourav.banerjee@databricks.com/dev-my_mlops_stack-experiment",
                      "git_source_info": "url:https://github.com/Sourav692/MLOps_Stack-Demystified; branch:; commit:2cab9bf7f65c2684cad42d05fd093b4233713669",
                      "model_type": "regressor",
                      "run_mode": "dry_run",
                      "targets": "fare_amount",
                      "validation_input": "SELECT * FROM delta.`dbfs:/databricks-datasets/nyctaxi-with-zipcodes/subsampled`",
                      "validation_thresholds_loader_function": "validation_thresholds"
                    },
                    "notebook_path": "/Users/sourav.banerjee@databricks.com/.bundle/my_mlops_stack/dev/files/validation/notebooks/ModelValidation",
                    "source": "WORKSPACE",
                    "warehouse_id": ""
                  }
                ],
                "notification_settings": [],
                "pipeline_task": [],
                "python_wheel_task": [],
                "retry_on_timeout": false,
                "run_if": "ALL_SUCCESS",
                "run_job_task": [],
                "spark_jar_task": [],
                "spark_python_task": [],
                "spark_submit_task": [],
                "sql_task": [],
                "task_key": "ModelValidation",
                "timeout_seconds": 0,
                "webhook_notifications": []
              },
              {
                "condition_task": [],
                "dbt_task": [],
                "depends_on": [],
                "description": "",
                "disable_auto_optimization": false,
                "email_notifications": [
                  {
                    "no_alert_for_skipped_runs": false,
                    "on_duration_warning_threshold_exceeded": [],
                    "on_failure": [],
                    "on_start": [],
                    "on_streaming_backlog_exceeded": [],
                    "on_success": []
                  }
                ],
                "environment_key": "",
                "existing_cluster_id": "",
                "for_each_task": [],
                "health": [],
                "job_cluster_key": "model_training_job_cluster",
                "library": [],
                "max_retries": 0,
                "min_retry_interval_millis": 0,
                "new_cluster": [],
                "notebook_task": [
                  {
                    "base_parameters": {
                      "dropoff_features_table": "feature_store_taxi_example.dev_my_mlops_stack_trip_dropoff_features",
                      "env": "dev",
                      "experiment_name": "/Users/sourav.banerjee@databricks.com/dev-my_mlops_stack-experiment",
                      "git_source_info": "url:https://github.com/Sourav692/MLOps_Stack-Demystified; branch:; commit:2cab9bf7f65c2684cad42d05fd093b4233713669",
                      "model_name": "dev-my_mlops_stack-model",
                      "pickup_features_table": "feature_store_taxi_example.dev_my_mlops_stack_trip_pickup_features",
                      "training_data_path": "/databricks-datasets/nyctaxi-with-zipcodes/subsampled"
                    },
                    "notebook_path": "/Users/sourav.banerjee@databricks.com/.bundle/my_mlops_stack/dev/files/training/notebooks/TrainWithFeatureStore",
                    "source": "WORKSPACE",
                    "warehouse_id": ""
                  }
                ],
                "notification_settings": [],
                "pipeline_task": [],
                "python_wheel_task": [],
                "retry_on_timeout": false,
                "run_if": "ALL_SUCCESS",
                "run_job_task": [],
                "spark_jar_task": [],
                "spark_python_task": [],
                "spark_submit_task": [],
                "sql_task": [],
                "task_key": "Train",
                "timeout_seconds": 0,
                "webhook_notifications": []
              }
            ],
            "timeout_seconds": 0,
            "timeouts": null,
            "trigger": [],
            "url": "https://adb-2753962522174656.16.azuredatabricks.net/#job/1054650118799531",
            "webhook_notifications": [
              {
                "on_duration_warning_threshold_exceeded": [],
                "on_failure": [],
                "on_start": [],
                "on_streaming_backlog_exceeded": [],
                "on_success": []
              }
            ]
          },
          "sensitive_attributes": [],
          "private": "eyJlMmJmYjczMC1lY2FhLTExZTYtOGY4OC0zNDM2M2JjN2M0YzAiOnsiY3JlYXRlIjoxODAwMDAwMDAwMDAwLCJ1cGRhdGUiOjE4MDAwMDAwMDAwMDB9LCJzY2hlbWFfdmVyc2lvbiI6IjIifQ=="
        }
      ]
    },
    {
      "mode": "managed",
      "type": "databricks_job",
      "name": "write_feature_table_job",
      "provider": "provider[\"registry.terraform.io/databricks/databricks\"]",
      "instances": [
        {
          "schema_version": 2,
          "attributes": {
            "always_running": false,
            "continuous": [],
            "control_run_state": false,
            "dbt_task": [],
            "deployment": [
              {
                "kind": "BUNDLE",
                "metadata_file_path": "/Users/sourav.banerjee@databricks.com/.bundle/my_mlops_stack/dev/state/metadata.json"
              }
            ],
            "description": null,
            "edit_mode": "UI_LOCKED",
            "email_notifications": [
              {
                "no_alert_for_skipped_runs": false,
                "on_duration_warning_threshold_exceeded": [],
                "on_failure": [],
                "on_start": [],
                "on_streaming_backlog_exceeded": [],
                "on_success": []
              }
            ],
            "environment": [],
            "existing_cluster_id": null,
            "format": "MULTI_TASK",
            "git_source": [],
            "health": [],
            "id": "203859407609732",
            "job_cluster": [
              {
                "job_cluster_key": "write_feature_table_job_cluster",
                "new_cluster": [
                  {
                    "apply_policy_default_values": false,
                    "autoscale": [],
                    "aws_attributes": [],
                    "azure_attributes": [
                      {
                        "availability": "ON_DEMAND_AZURE",
                        "first_on_demand": 0,
                        "log_analytics_info": [],
                        "spot_bid_max_price": 0
                      }
                    ],
                    "cluster_id": "",
                    "cluster_log_conf": [],
                    "cluster_mount_info": [],
                    "cluster_name": "",
                    "custom_tags": {
                      "clusterSource": "mlops-stacks_0.4"
                    },
                    "data_security_mode": "SINGLE_USER",
                    "docker_image": [],
                    "driver_instance_pool_id": "",
                    "driver_node_type_id": "",
                    "enable_elastic_disk": true,
                    "enable_local_disk_encryption": false,
                    "gcp_attributes": [],
                    "idempotency_token": "",
                    "init_scripts": [],
                    "instance_pool_id": "",
                    "library": [],
                    "node_type_id": "Standard_D3_v2",
                    "num_workers": 3,
                    "policy_id": "",
                    "runtime_engine": "",
                    "single_user_name": "",
                    "spark_conf": {},
                    "spark_env_vars": {},
                    "spark_version": "15.3.x-cpu-ml-scala2.12",
                    "ssh_public_keys": [],
                    "workload_type": []
                  }
                ]
              }
            ],
            "library": [],
            "max_concurrent_runs": 1,
            "max_retries": 0,
            "min_retry_interval_millis": 0,
            "name": "dev-my_mlops_stack-write-feature-table-job",
            "new_cluster": [],
            "notebook_task": [],
            "notification_settings": [],
            "parameter": [],
            "pipeline_task": [],
            "python_wheel_task": [],
            "queue": [
              {
                "enabled": true
              }
            ],
            "retry_on_timeout": false,
            "run_as": [
              {
                "service_principal_name": "",
                "user_name": "sourav.banerjee@databricks.com"
              }
            ],
            "run_job_task": [],
            "schedule": [
              {
                "pause_status": "UNPAUSED",
                "quartz_cron_expression": "0 0 7 * * ?",
                "timezone_id": "UTC"
              }
            ],
            "spark_jar_task": [],
            "spark_python_task": [],
            "spark_submit_task": [],
            "tags": null,
            "task": [
              {
                "condition_task": [],
                "dbt_task": [],
                "depends_on": [],
                "description": "",
                "disable_auto_optimization": false,
                "email_notifications": [
                  {
                    "no_alert_for_skipped_runs": false,
                    "on_duration_warning_threshold_exceeded": [],
                    "on_failure": [],
                    "on_start": [],
                    "on_streaming_backlog_exceeded": [],
                    "on_success": []
                  }
                ],
                "environment_key": "",
                "existing_cluster_id": "",
                "for_each_task": [],
                "health": [],
                "job_cluster_key": "write_feature_table_job_cluster",
                "library": [],
                "max_retries": 0,
                "min_retry_interval_millis": 0,
                "new_cluster": [],
                "notebook_task": [
                  {
                    "base_parameters": {
                      "existing_cluster_id": "0603-073547-ypydpsk",
                      "features_transform_module": "dropoff_features",
                      "git_source_info": "url:https://github.com/Sourav692/MLOps_Stack-Demystified; branch:; commit:2cab9bf7f65c2684cad42d05fd093b4233713669",
                      "input_end_date": "",
                      "input_start_date": "",
                      "input_table_path": "/databricks-datasets/nyctaxi-with-zipcodes/subsampled",
                      "output_table_name": "feature_store_taxi_example.dev_my_mlops_stack_trip_dropoff_features",
                      "primary_keys": "zip",
                      "timestamp_column": "tpep_dropoff_datetime"
                    },
                    "notebook_path": "/Users/sourav.banerjee@databricks.com/.bundle/my_mlops_stack/dev/files/feature_engineering/notebooks/GenerateAndWriteFeatures",
                    "source": "WORKSPACE",
                    "warehouse_id": ""
                  }
                ],
                "notification_settings": [],
                "pipeline_task": [],
                "python_wheel_task": [],
                "retry_on_timeout": false,
                "run_if": "ALL_SUCCESS",
                "run_job_task": [],
                "spark_jar_task": [],
                "spark_python_task": [],
                "spark_submit_task": [],
                "sql_task": [],
                "task_key": "DropoffFeatures",
                "timeout_seconds": 0,
                "webhook_notifications": []
              },
              {
                "condition_task": [],
                "dbt_task": [],
                "depends_on": [],
                "description": "",
                "disable_auto_optimization": false,
                "email_notifications": [
                  {
                    "no_alert_for_skipped_runs": false,
                    "on_duration_warning_threshold_exceeded": [],
                    "on_failure": [],
                    "on_start": [],
                    "on_streaming_backlog_exceeded": [],
                    "on_success": []
                  }
                ],
                "environment_key": "",
                "existing_cluster_id": "",
                "for_each_task": [],
                "health": [],
                "job_cluster_key": "write_feature_table_job_cluster",
                "library": [],
                "max_retries": 0,
                "min_retry_interval_millis": 0,
                "new_cluster": [],
                "notebook_task": [
                  {
                    "base_parameters": {
                      "existing_cluster_id": "0603-073547-ypydpsk",
                      "features_transform_module": "pickup_features",
                      "git_source_info": "url:https://github.com/Sourav692/MLOps_Stack-Demystified; branch:; commit:2cab9bf7f65c2684cad42d05fd093b4233713669",
                      "input_end_date": "",
                      "input_start_date": "",
                      "input_table_path": "/databricks-datasets/nyctaxi-with-zipcodes/subsampled",
                      "output_table_name": "feature_store_taxi_example.dev_my_mlops_stack_trip_pickup_features",
                      "primary_keys": "zip",
                      "timestamp_column": "tpep_pickup_datetime"
                    },
                    "notebook_path": "/Users/sourav.banerjee@databricks.com/.bundle/my_mlops_stack/dev/files/feature_engineering/notebooks/GenerateAndWriteFeatures",
                    "source": "WORKSPACE",
                    "warehouse_id": ""
                  }
                ],
                "notification_settings": [],
                "pipeline_task": [],
                "python_wheel_task": [],
                "retry_on_timeout": false,
                "run_if": "ALL_SUCCESS",
                "run_job_task": [],
                "spark_jar_task": [],
                "spark_python_task": [],
                "spark_submit_task": [],
                "sql_task": [],
                "task_key": "PickupFeatures",
                "timeout_seconds": 0,
                "webhook_notifications": []
              }
            ],
            "timeout_seconds": 0,
            "timeouts": null,
            "trigger": [],
            "url": "https://adb-2753962522174656.16.azuredatabricks.net/#job/203859407609732",
            "webhook_notifications": [
              {
                "on_duration_warning_threshold_exceeded": [],
                "on_failure": [],
                "on_start": [],
                "on_streaming_backlog_exceeded": [],
                "on_success": []
              }
            ]
          },
          "sensitive_attributes": [],
          "private": "eyJlMmJmYjczMC1lY2FhLTExZTYtOGY4OC0zNDM2M2JjN2M0YzAiOnsiY3JlYXRlIjoxODAwMDAwMDAwMDAwLCJ1cGRhdGUiOjE4MDAwMDAwMDAwMDB9LCJzY2hlbWFfdmVyc2lvbiI6IjIifQ=="
        }
      ]
    },
    {
      "mode": "managed",
      "type": "databricks_mlflow_experiment",
      "name": "experiment",
      "provider": "provider[\"registry.terraform.io/databricks/databricks\"]",
      "instances": [
        {
          "schema_version": 0,
          "attributes": {
            "artifact_location": "dbfs:/databricks/mlflow-tracking/4371919990295864",
            "creation_time": 1722250956953,
            "description": null,
            "experiment_id": "4371919990295864",
            "id": "4371919990295864",
            "last_update_time": 1722252643920,
            "lifecycle_stage": "active",
            "name": "/Users/sourav.banerjee@databricks.com/dev-my_mlops_stack-experiment",
            "timeouts": null
          },
          "sensitive_attributes": [],
          "private": "bnVsbA=="
        }
      ]
    },
    {
      "mode": "managed",
      "type": "databricks_mlflow_model",
      "name": "model",
      "provider": "provider[\"registry.terraform.io/databricks/databricks\"]",
      "instances": [
        {
          "schema_version": 0,
          "attributes": {
            "description": "MLflow registered model for the \"my_mlops_stack\" ML Project for dev deployment target.",
            "id": "dev-my_mlops_stack-model",
            "name": "dev-my_mlops_stack-model",
            "registered_model_id": "d07fe5e2b2414b98b6b654b4f9cb58e2",
            "tags": []
          },
          "sensitive_attributes": [],
          "private": "bnVsbA=="
        }
      ]
    },
    {
      "mode": "managed",
      "type": "databricks_permissions",
      "name": "job_batch_inference_job",
      "provider": "provider[\"registry.terraform.io/databricks/databricks\"]",
      "instances": [
        {
          "schema_version": 0,
          "attributes": {
            "access_control": [
              {
                "group_name": "users",
                "permission_level": "CAN_VIEW",
                "service_principal_name": "",
                "user_name": ""
              }
            ],
            "authorization": null,
            "cluster_id": null,
            "cluster_policy_id": null,
            "dashboard_id": null,
            "directory_id": null,
            "directory_path": null,
            "experiment_id": null,
            "id": "/jobs/745501414978651",
            "instance_pool_id": null,
            "job_id": "745501414978651",
            "notebook_id": null,
            "notebook_path": null,
            "object_type": "job",
            "pipeline_id": null,
            "registered_model_id": null,
            "repo_id": null,
            "repo_path": null,
            "serving_endpoint_id": null,
            "sql_alert_id": null,
            "sql_dashboard_id": null,
            "sql_endpoint_id": null,
            "sql_query_id": null,
            "workspace_file_id": null,
            "workspace_file_path": null
          },
          "sensitive_attributes": [],
          "private": "bnVsbA==",
          "dependencies": [
            "databricks_job.batch_inference_job"
          ]
        }
      ]
    },
    {
      "mode": "managed",
      "type": "databricks_permissions",
      "name": "job_model_training_job",
      "provider": "provider[\"registry.terraform.io/databricks/databricks\"]",
      "instances": [
        {
          "schema_version": 0,
          "attributes": {
            "access_control": [
              {
                "group_name": "users",
                "permission_level": "CAN_VIEW",
                "service_principal_name": "",
                "user_name": ""
              }
            ],
            "authorization": null,
            "cluster_id": null,
            "cluster_policy_id": null,
            "dashboard_id": null,
            "directory_id": null,
            "directory_path": null,
            "experiment_id": null,
            "id": "/jobs/1054650118799531",
            "instance_pool_id": null,
            "job_id": "1054650118799531",
            "notebook_id": null,
            "notebook_path": null,
            "object_type": "job",
            "pipeline_id": null,
            "registered_model_id": null,
            "repo_id": null,
            "repo_path": null,
            "serving_endpoint_id": null,
            "sql_alert_id": null,
            "sql_dashboard_id": null,
            "sql_endpoint_id": null,
            "sql_query_id": null,
            "workspace_file_id": null,
            "workspace_file_path": null
          },
          "sensitive_attributes": [],
          "private": "bnVsbA==",
          "dependencies": [
            "databricks_job.model_training_job"
          ]
        }
      ]
    },
    {
      "mode": "managed",
      "type": "databricks_permissions",
      "name": "job_write_feature_table_job",
      "provider": "provider[\"registry.terraform.io/databricks/databricks\"]",
      "instances": [
        {
          "schema_version": 0,
          "attributes": {
            "access_control": [
              {
                "group_name": "users",
                "permission_level": "CAN_VIEW",
                "service_principal_name": "",
                "user_name": ""
              }
            ],
            "authorization": null,
            "cluster_id": null,
            "cluster_policy_id": null,
            "dashboard_id": null,
            "directory_id": null,
            "directory_path": null,
            "experiment_id": null,
            "id": "/jobs/203859407609732",
            "instance_pool_id": null,
            "job_id": "203859407609732",
            "notebook_id": null,
            "notebook_path": null,
            "object_type": "job",
            "pipeline_id": null,
            "registered_model_id": null,
            "repo_id": null,
            "repo_path": null,
            "serving_endpoint_id": null,
            "sql_alert_id": null,
            "sql_dashboard_id": null,
            "sql_endpoint_id": null,
            "sql_query_id": null,
            "workspace_file_id": null,
            "workspace_file_path": null
          },
          "sensitive_attributes": [],
          "private": "bnVsbA==",
          "dependencies": [
            "databricks_job.write_feature_table_job"
          ]
        }
      ]
    },
    {
      "mode": "managed",
      "type": "databricks_permissions",
      "name": "mlflow_experiment_experiment",
      "provider": "provider[\"registry.terraform.io/databricks/databricks\"]",
      "instances": [
        {
          "schema_version": 0,
          "attributes": {
            "access_control": [
              {
                "group_name": "users",
                "permission_level": "CAN_READ",
                "service_principal_name": "",
                "user_name": ""
              }
            ],
            "authorization": null,
            "cluster_id": null,
            "cluster_policy_id": null,
            "dashboard_id": null,
            "directory_id": null,
            "directory_path": null,
            "experiment_id": "4371919990295864",
            "id": "/experiments/4371919990295864",
            "instance_pool_id": null,
            "job_id": null,
            "notebook_id": null,
            "notebook_path": null,
            "object_type": "mlflowExperiment",
            "pipeline_id": null,
            "registered_model_id": null,
            "repo_id": null,
            "repo_path": null,
            "serving_endpoint_id": null,
            "sql_alert_id": null,
            "sql_dashboard_id": null,
            "sql_endpoint_id": null,
            "sql_query_id": null,
            "workspace_file_id": null,
            "workspace_file_path": null
          },
          "sensitive_attributes": [],
          "private": "bnVsbA==",
          "dependencies": [
            "databricks_mlflow_experiment.experiment"
          ]
        }
      ]
    },
    {
      "mode": "managed",
      "type": "databricks_permissions",
      "name": "mlflow_model_model",
      "provider": "provider[\"registry.terraform.io/databricks/databricks\"]",
      "instances": [
        {
          "schema_version": 0,
          "attributes": {
            "access_control": [
              {
                "group_name": "users",
                "permission_level": "CAN_READ",
                "service_principal_name": "",
                "user_name": ""
              }
            ],
            "authorization": null,
            "cluster_id": null,
            "cluster_policy_id": null,
            "dashboard_id": null,
            "directory_id": null,
            "directory_path": null,
            "experiment_id": null,
            "id": "/registered-models/d07fe5e2b2414b98b6b654b4f9cb58e2",
            "instance_pool_id": null,
            "job_id": null,
            "notebook_id": null,
            "notebook_path": null,
            "object_type": "registered-model",
            "pipeline_id": null,
            "registered_model_id": "d07fe5e2b2414b98b6b654b4f9cb58e2",
            "repo_id": null,
            "repo_path": null,
            "serving_endpoint_id": null,
            "sql_alert_id": null,
            "sql_dashboard_id": null,
            "sql_endpoint_id": null,
            "sql_query_id": null,
            "workspace_file_id": null,
            "workspace_file_path": null
          },
          "sensitive_attributes": [],
          "private": "bnVsbA==",
          "dependencies": [
            "databricks_mlflow_model.model"
          ]
        }
      ]
    }
  ],
  "check_results": null
}
